
Microsoft Visual Studio Solution File, Format Version 12.00
# Visual Studio 15
VisualStudioVersion = 15.0.27004.2009
MinimumVisualStudioVersion = 10.0.40219.1
Project("{FAE04EC0-301F-11D3-BF4B-00C04F79EFBC}") = "WindowsFormsApp1", "WindowsFormsApp1\WindowsFormsApp1.csproj", "{E65B9BAF-5D02-4834-8989-F7776AA166FD}"
EndProject
Global
	GlobalSection(SolutionConfigurationPlatforms) = preSolution
		Debug|Any CPU = Debug|Any CPU
		Release|Any CPU = Release|Any CPU
	EndGlobalSection
	GlobalSection(ProjectConfigurationPlatforms) = postSolution
		{E65B9BAF-5D02-4834-8989-F7776AA166FD}.Debug|Any CPU.ActiveCfg = Debug|Any CPU
		{E65B9BAF-5D02-4834-8989-F7776AA166FD}.Debug|Any CPU.Build.0 = Debug|Any CPU
		{E65B9BAF-5D02-4834-8989-F7776AA166FD}.Release|Any CPU.ActiveCfg = Release|Any CPU
		{E65B9BAF-5D02-4834-8989-F7776AA166FD}.Release|Any CPU.Build.0 = Release|Any CPU
	EndGlobalSection
	GlobalSection(SolutionProperties) = preSolution
		HideSolutionNode = FALSE
	EndGlobalSection
	GlobalSection(ExtensibilityGlobals) = postSolution
		SolutionGuid = {5865870F-C98A-4428-80ED-14B6FEB4E6D8}
	EndGlobalSection
EndGlobal
